
Microsoft Visual Studio Solution File, Format Version 12.00
# Visual Studio Version 16
VisualStudioVersion = 16.0.28803.156
MinimumVisualStudioVersion = 10.0.40219.1
Project("{FAE04EC0-301F-11D3-BF4B-00C04F79EFBC}") = "Unai", "Unai\Unai.csproj", "{2E125631-390A-428C-9D5F-06EBBDAD618F}"
EndProject
Global
	GlobalSection(SolutionConfigurationPlatforms) = preSolution
		Debug|Any CPU = Debug|Any CPU
		Release|Any CPU = Release|Any CPU
	EndGlobalSection
	GlobalSection(ProjectConfigurationPlatforms) = postSolution
		{2E125631-390A-428C-9D5F-06EBBDAD618F}.Debug|Any CPU.ActiveCfg = Debug|Any CPU
		{2E125631-390A-428C-9D5F-06EBBDAD618F}.Debug|Any CPU.Build.0 = Debug|Any CPU
		{2E125631-390A-428C-9D5F-06EBBDAD618F}.Release|Any CPU.ActiveCfg = Release|Any CPU
		{2E125631-390A-428C-9D5F-06EBBDAD618F}.Release|Any CPU.Build.0 = Release|Any CPU
	EndGlobalSection
	GlobalSection(SolutionProperties) = preSolution
		HideSolutionNode = FALSE
	EndGlobalSection
	GlobalSection(ExtensibilityGlobals) = postSolution
		SolutionGuid = {34D33CD7-6E8B-487C-8153-9FB17CF9CC2A}
	EndGlobalSection
EndGlobal
